
Microsoft Visual Studio Solution File, Format Version 12.00
# Visual Studio Version 17
VisualStudioVersion = 17.5.002.0
MinimumVisualStudioVersion = 10.0.40219.1
Project("{2150E333-8FDC-42A3-9474-1A3956D46DE8}") = "gui_project", "gui_project", "{76EAC06A-938F-4A11-B033-AD5CA5D9DA81}"
EndProject
Project("{9A19103F-16F7-4668-BE54-9A1E7A4F7556}") = "wpf_program", "gui_project\wpf_program\wpf_program.csproj", "{2D31A4F0-4FB8-4383-98FD-8726A82F4EC7}"
EndProject
Global
	GlobalSection(SolutionConfigurationPlatforms) = preSolution
		Debug|Any CPU = Debug|Any CPU
		Release|Any CPU = Release|Any CPU
	EndGlobalSection
	GlobalSection(ProjectConfigurationPlatforms) = postSolution
		{2D31A4F0-4FB8-4383-98FD-8726A82F4EC7}.Debug|Any CPU.ActiveCfg = Debug|Any CPU
		{2D31A4F0-4FB8-4383-98FD-8726A82F4EC7}.Debug|Any CPU.Build.0 = Debug|Any CPU
		{2D31A4F0-4FB8-4383-98FD-8726A82F4EC7}.Release|Any CPU.ActiveCfg = Release|Any CPU
		{2D31A4F0-4FB8-4383-98FD-8726A82F4EC7}.Release|Any CPU.Build.0 = Release|Any CPU
	EndGlobalSection
	GlobalSection(SolutionProperties) = preSolution
		HideSolutionNode = FALSE
	EndGlobalSection
	GlobalSection(NestedProjects) = preSolution
		{2D31A4F0-4FB8-4383-98FD-8726A82F4EC7} = {76EAC06A-938F-4A11-B033-AD5CA5D9DA81}
	EndGlobalSection
	GlobalSection(ExtensibilityGlobals) = postSolution
		SolutionGuid = {B8E2C088-6608-4A39-A76D-EC872CF56C5C}
	EndGlobalSection
EndGlobal
