
Microsoft Visual Studio Solution File, Format Version 12.00
# Visual Studio Version 17
VisualStudioVersion = 17.5.002.0
MinimumVisualStudioVersion = 10.0.40219.1
Project("{9A19103F-16F7-4668-BE54-9A1E7A4F7556}") = "wpf_program", "wpf_program\wpf_program.csproj", "{9AE42147-6C47-4B8D-A74B-B51B4F09B7A3}"
EndProject
Global
	GlobalSection(SolutionConfigurationPlatforms) = preSolution
		Debug|Any CPU = Debug|Any CPU
		Release|Any CPU = Release|Any CPU
	EndGlobalSection
	GlobalSection(ProjectConfigurationPlatforms) = postSolution
		{9AE42147-6C47-4B8D-A74B-B51B4F09B7A3}.Debug|Any CPU.ActiveCfg = Debug|Any CPU
		{9AE42147-6C47-4B8D-A74B-B51B4F09B7A3}.Debug|Any CPU.Build.0 = Debug|Any CPU
		{9AE42147-6C47-4B8D-A74B-B51B4F09B7A3}.Release|Any CPU.ActiveCfg = Release|Any CPU
		{9AE42147-6C47-4B8D-A74B-B51B4F09B7A3}.Release|Any CPU.Build.0 = Release|Any CPU
	EndGlobalSection
	GlobalSection(SolutionProperties) = preSolution
		HideSolutionNode = FALSE
	EndGlobalSection
	GlobalSection(ExtensibilityGlobals) = postSolution
		SolutionGuid = {A2D6ED56-D6C9-46B5-8B16-6BE311B34100}
	EndGlobalSection
EndGlobal
